
Microsoft Visual Studio Solution File, Format Version 12.00
# Visual Studio Version 17
VisualStudioVersion = 17.5.002.0
MinimumVisualStudioVersion = 10.0.40219.1
Project("{2150E333-8FDC-42A3-9474-1A3956D46DE8}") = "csharp-prep", "csharp-prep", "{745F432F-B7CB-4088-93A1-A44A4E2D8B4F}"
EndProject
Project("{9A19103F-16F7-4668-BE54-9A1E7A4F7556}") = "Prep1", "csharp-prep\Prep1\Prep1.csproj", "{DE87A972-C7F6-426C-AFC3-805D63541D1E}"
EndProject
Project("{9A19103F-16F7-4668-BE54-9A1E7A4F7556}") = "Prep2", "csharp-prep\Prep2\Prep2.csproj", "{3ECB0E57-0B84-4CAC-90A5-03E0C1204752}"
EndProject
Project("{9A19103F-16F7-4668-BE54-9A1E7A4F7556}") = "Prep3", "csharp-prep\Prep3\Prep3.csproj", "{BDD3ADEE-7164-4F24-BB25-E649A8C3D233}"
EndProject
Project("{9A19103F-16F7-4668-BE54-9A1E7A4F7556}") = "Prep4", "csharp-prep\Prep4\Prep4.csproj", "{364DC4C2-314E-4A74-80BC-1435D86E5AA9}"
EndProject
Project("{9A19103F-16F7-4668-BE54-9A1E7A4F7556}") = "Prep5", "csharp-prep\Prep5\Prep5.csproj", "{FD0B2258-F0B5-494B-9303-FF6F2C282FDC}"
EndProject
Project("{2150E333-8FDC-42A3-9474-1A3956D46DE8}") = "final", "final", "{F9892090-1352-4EED-A293-44A7650A5C6C}"
EndProject
Project("{9A19103F-16F7-4668-BE54-9A1E7A4F7556}") = "FinalProject", "final\FinalProject\FinalProject.csproj", "{85A9211C-0836-4526-8C47-2AEF19DE8964}"
EndProject
Project("{9A19103F-16F7-4668-BE54-9A1E7A4F7556}") = "Foundation1", "final\Foundation1\Foundation1.csproj", "{018D02F1-7116-4F01-83E0-486014B4F10F}"
EndProject
Project("{9A19103F-16F7-4668-BE54-9A1E7A4F7556}") = "Foundation2", "final\Foundation2\Foundation2.csproj", "{597017E9-AFA2-44CF-BFED-38E8665501FC}"
EndProject
Project("{9A19103F-16F7-4668-BE54-9A1E7A4F7556}") = "Foundation3", "final\Foundation3\Foundation3.csproj", "{1F41C2A1-7F10-4EC9-839E-94D3CF1884CA}"
EndProject
Project("{9A19103F-16F7-4668-BE54-9A1E7A4F7556}") = "Foundation4", "final\Foundation4\Foundation4.csproj", "{50661323-3443-40B0-800B-BDCC5309F34E}"
EndProject
Project("{2150E333-8FDC-42A3-9474-1A3956D46DE8}") = "prepare", "prepare", "{4DB092A3-2796-4491-8F0D-5FF022C2BC61}"
EndProject
Project("{9A19103F-16F7-4668-BE54-9A1E7A4F7556}") = "Learning02", "prepare\Learning02\Learning02.csproj", "{EDBD0EA1-0F31-44A8-843C-2D1D1F730EAE}"
EndProject
Project("{9A19103F-16F7-4668-BE54-9A1E7A4F7556}") = "Learning03", "prepare\Learning03\Learning03.csproj", "{963B8ACC-FC88-45A6-A62C-CC4742B84EBC}"
EndProject
Project("{9A19103F-16F7-4668-BE54-9A1E7A4F7556}") = "Learning04", "prepare\Learning04\Learning04.csproj", "{900967BC-D83A-4A86-A6B4-1C218D1B2FA1}"
EndProject
Project("{9A19103F-16F7-4668-BE54-9A1E7A4F7556}") = "Learning05", "prepare\Learning05\Learning05.csproj", "{F05CD50D-EDB6-45AD-895F-1234C13276F3}"
EndProject
Project("{2150E333-8FDC-42A3-9474-1A3956D46DE8}") = "prove", "prove", "{64A0E54B-1064-47DC-9E4C-1920C16B31EA}"
EndProject
Project("{9A19103F-16F7-4668-BE54-9A1E7A4F7556}") = "Develop02", "prove\Develop02\Develop02.csproj", "{9A233889-5D95-4E6B-8F82-EB5D77549CE2}"
EndProject
Project("{9A19103F-16F7-4668-BE54-9A1E7A4F7556}") = "Develop03", "prove\Develop03\Develop03.csproj", "{6AB86BA8-07B9-49A0-A07E-3FA9C48600B8}"
EndProject
Project("{9A19103F-16F7-4668-BE54-9A1E7A4F7556}") = "Develop04", "prove\Develop04\Develop04.csproj", "{877120DE-4B4C-4208-BC02-D38C163E8FE6}"
EndProject
Project("{9A19103F-16F7-4668-BE54-9A1E7A4F7556}") = "Develop05", "prove\Develop05\Develop05.csproj", "{C3FC1914-6A19-46D9-8820-B041F01F7DAA}"
EndProject
Project("{2150E333-8FDC-42A3-9474-1A3956D46DE8}") = "sandbox", "sandbox", "{0AA0AB0C-8C03-47C2-91AD-29E6A842B8A6}"
EndProject
Project("{9A19103F-16F7-4668-BE54-9A1E7A4F7556}") = "Sandbox", "sandbox\Sandbox\Sandbox.csproj", "{76BBBE63-FBDE-4B3D-8121-664492A604CE}"
EndProject
Global
	GlobalSection(SolutionConfigurationPlatforms) = preSolution
		Debug|Any CPU = Debug|Any CPU
		Release|Any CPU = Release|Any CPU
	EndGlobalSection
	GlobalSection(ProjectConfigurationPlatforms) = postSolution
		{DE87A972-C7F6-426C-AFC3-805D63541D1E}.Debug|Any CPU.ActiveCfg = Debug|Any CPU
		{DE87A972-C7F6-426C-AFC3-805D63541D1E}.Debug|Any CPU.Build.0 = Debug|Any CPU
		{DE87A972-C7F6-426C-AFC3-805D63541D1E}.Release|Any CPU.ActiveCfg = Release|Any CPU
		{DE87A972-C7F6-426C-AFC3-805D63541D1E}.Release|Any CPU.Build.0 = Release|Any CPU
		{3ECB0E57-0B84-4CAC-90A5-03E0C1204752}.Debug|Any CPU.ActiveCfg = Debug|Any CPU
		{3ECB0E57-0B84-4CAC-90A5-03E0C1204752}.Debug|Any CPU.Build.0 = Debug|Any CPU
		{3ECB0E57-0B84-4CAC-90A5-03E0C1204752}.Release|Any CPU.ActiveCfg = Release|Any CPU
		{3ECB0E57-0B84-4CAC-90A5-03E0C1204752}.Release|Any CPU.Build.0 = Release|Any CPU
		{BDD3ADEE-7164-4F24-BB25-E649A8C3D233}.Debug|Any CPU.ActiveCfg = Debug|Any CPU
		{BDD3ADEE-7164-4F24-BB25-E649A8C3D233}.Debug|Any CPU.Build.0 = Debug|Any CPU
		{BDD3ADEE-7164-4F24-BB25-E649A8C3D233}.Release|Any CPU.ActiveCfg = Release|Any CPU
		{BDD3ADEE-7164-4F24-BB25-E649A8C3D233}.Release|Any CPU.Build.0 = Release|Any CPU
		{364DC4C2-314E-4A74-80BC-1435D86E5AA9}.Debug|Any CPU.ActiveCfg = Debug|Any CPU
		{364DC4C2-314E-4A74-80BC-1435D86E5AA9}.Debug|Any CPU.Build.0 = Debug|Any CPU
		{364DC4C2-314E-4A74-80BC-1435D86E5AA9}.Release|Any CPU.ActiveCfg = Release|Any CPU
		{364DC4C2-314E-4A74-80BC-1435D86E5AA9}.Release|Any CPU.Build.0 = Release|Any CPU
		{FD0B2258-F0B5-494B-9303-FF6F2C282FDC}.Debug|Any CPU.ActiveCfg = Debug|Any CPU
		{FD0B2258-F0B5-494B-9303-FF6F2C282FDC}.Debug|Any CPU.Build.0 = Debug|Any CPU
		{FD0B2258-F0B5-494B-9303-FF6F2C282FDC}.Release|Any CPU.ActiveCfg = Release|Any CPU
		{FD0B2258-F0B5-494B-9303-FF6F2C282FDC}.Release|Any CPU.Build.0 = Release|Any CPU
		{85A9211C-0836-4526-8C47-2AEF19DE8964}.Debug|Any CPU.ActiveCfg = Debug|Any CPU
		{85A9211C-0836-4526-8C47-2AEF19DE8964}.Debug|Any CPU.Build.0 = Debug|Any CPU
		{85A9211C-0836-4526-8C47-2AEF19DE8964}.Release|Any CPU.ActiveCfg = Release|Any CPU
		{85A9211C-0836-4526-8C47-2AEF19DE8964}.Release|Any CPU.Build.0 = Release|Any CPU
		{018D02F1-7116-4F01-83E0-486014B4F10F}.Debug|Any CPU.ActiveCfg = Debug|Any CPU
		{018D02F1-7116-4F01-83E0-486014B4F10F}.Debug|Any CPU.Build.0 = Debug|Any CPU
		{018D02F1-7116-4F01-83E0-486014B4F10F}.Release|Any CPU.ActiveCfg = Release|Any CPU
		{018D02F1-7116-4F01-83E0-486014B4F10F}.Release|Any CPU.Build.0 = Release|Any CPU
		{597017E9-AFA2-44CF-BFED-38E8665501FC}.Debug|Any CPU.ActiveCfg = Debug|Any CPU
		{597017E9-AFA2-44CF-BFED-38E8665501FC}.Debug|Any CPU.Build.0 = Debug|Any CPU
		{597017E9-AFA2-44CF-BFED-38E8665501FC}.Release|Any CPU.ActiveCfg = Release|Any CPU
		{597017E9-AFA2-44CF-BFED-38E8665501FC}.Release|Any CPU.Build.0 = Release|Any CPU
		{1F41C2A1-7F10-4EC9-839E-94D3CF1884CA}.Debug|Any CPU.ActiveCfg = Debug|Any CPU
		{1F41C2A1-7F10-4EC9-839E-94D3CF1884CA}.Debug|Any CPU.Build.0 = Debug|Any CPU
		{1F41C2A1-7F10-4EC9-839E-94D3CF1884CA}.Release|Any CPU.ActiveCfg = Release|Any CPU
		{1F41C2A1-7F10-4EC9-839E-94D3CF1884CA}.Release|Any CPU.Build.0 = Release|Any CPU
		{50661323-3443-40B0-800B-BDCC5309F34E}.Debug|Any CPU.ActiveCfg = Debug|Any CPU
		{50661323-3443-40B0-800B-BDCC5309F34E}.Debug|Any CPU.Build.0 = Debug|Any CPU
		{50661323-3443-40B0-800B-BDCC5309F34E}.Release|Any CPU.ActiveCfg = Release|Any CPU
		{50661323-3443-40B0-800B-BDCC5309F34E}.Release|Any CPU.Build.0 = Release|Any CPU
		{EDBD0EA1-0F31-44A8-843C-2D1D1F730EAE}.Debug|Any CPU.ActiveCfg = Debug|Any CPU
		{EDBD0EA1-0F31-44A8-843C-2D1D1F730EAE}.Debug|Any CPU.Build.0 = Debug|Any CPU
		{EDBD0EA1-0F31-44A8-843C-2D1D1F730EAE}.Release|Any CPU.ActiveCfg = Release|Any CPU
		{EDBD0EA1-0F31-44A8-843C-2D1D1F730EAE}.Release|Any CPU.Build.0 = Release|Any CPU
		{963B8ACC-FC88-45A6-A62C-CC4742B84EBC}.Debug|Any CPU.ActiveCfg = Debug|Any CPU
		{963B8ACC-FC88-45A6-A62C-CC4742B84EBC}.Debug|Any CPU.Build.0 = Debug|Any CPU
		{963B8ACC-FC88-45A6-A62C-CC4742B84EBC}.Release|Any CPU.ActiveCfg = Release|Any CPU
		{963B8ACC-FC88-45A6-A62C-CC4742B84EBC}.Release|Any CPU.Build.0 = Release|Any CPU
		{900967BC-D83A-4A86-A6B4-1C218D1B2FA1}.Debug|Any CPU.ActiveCfg = Debug|Any CPU
		{900967BC-D83A-4A86-A6B4-1C218D1B2FA1}.Debug|Any CPU.Build.0 = Debug|Any CPU
		{900967BC-D83A-4A86-A6B4-1C218D1B2FA1}.Release|Any CPU.ActiveCfg = Release|Any CPU
		{900967BC-D83A-4A86-A6B4-1C218D1B2FA1}.Release|Any CPU.Build.0 = Release|Any CPU
		{F05CD50D-EDB6-45AD-895F-1234C13276F3}.Debug|Any CPU.ActiveCfg = Debug|Any CPU
		{F05CD50D-EDB6-45AD-895F-1234C13276F3}.Debug|Any CPU.Build.0 = Debug|Any CPU
		{F05CD50D-EDB6-45AD-895F-1234C13276F3}.Release|Any CPU.ActiveCfg = Release|Any CPU
		{F05CD50D-EDB6-45AD-895F-1234C13276F3}.Release|Any CPU.Build.0 = Release|Any CPU
		{9A233889-5D95-4E6B-8F82-EB5D77549CE2}.Debug|Any CPU.ActiveCfg = Debug|Any CPU
		{9A233889-5D95-4E6B-8F82-EB5D77549CE2}.Debug|Any CPU.Build.0 = Debug|Any CPU
		{9A233889-5D95-4E6B-8F82-EB5D77549CE2}.Release|Any CPU.ActiveCfg = Release|Any CPU
		{9A233889-5D95-4E6B-8F82-EB5D77549CE2}.Release|Any CPU.Build.0 = Release|Any CPU
		{6AB86BA8-07B9-49A0-A07E-3FA9C48600B8}.Debug|Any CPU.ActiveCfg = Debug|Any CPU
		{6AB86BA8-07B9-49A0-A07E-3FA9C48600B8}.Debug|Any CPU.Build.0 = Debug|Any CPU
		{6AB86BA8-07B9-49A0-A07E-3FA9C48600B8}.Release|Any CPU.ActiveCfg = Release|Any CPU
		{6AB86BA8-07B9-49A0-A07E-3FA9C48600B8}.Release|Any CPU.Build.0 = Release|Any CPU
		{877120DE-4B4C-4208-BC02-D38C163E8FE6}.Debug|Any CPU.ActiveCfg = Debug|Any CPU
		{877120DE-4B4C-4208-BC02-D38C163E8FE6}.Debug|Any CPU.Build.0 = Debug|Any CPU
		{877120DE-4B4C-4208-BC02-D38C163E8FE6}.Release|Any CPU.ActiveCfg = Release|Any CPU
		{877120DE-4B4C-4208-BC02-D38C163E8FE6}.Release|Any CPU.Build.0 = Release|Any CPU
		{C3FC1914-6A19-46D9-8820-B041F01F7DAA}.Debug|Any CPU.ActiveCfg = Debug|Any CPU
		{C3FC1914-6A19-46D9-8820-B041F01F7DAA}.Debug|Any CPU.Build.0 = Debug|Any CPU
		{C3FC1914-6A19-46D9-8820-B041F01F7DAA}.Release|Any CPU.ActiveCfg = Release|Any CPU
		{C3FC1914-6A19-46D9-8820-B041F01F7DAA}.Release|Any CPU.Build.0 = Release|Any CPU
		{76BBBE63-FBDE-4B3D-8121-664492A604CE}.Debug|Any CPU.ActiveCfg = Debug|Any CPU
		{76BBBE63-FBDE-4B3D-8121-664492A604CE}.Debug|Any CPU.Build.0 = Debug|Any CPU
		{76BBBE63-FBDE-4B3D-8121-664492A604CE}.Release|Any CPU.ActiveCfg = Release|Any CPU
		{76BBBE63-FBDE-4B3D-8121-664492A604CE}.Release|Any CPU.Build.0 = Release|Any CPU
	EndGlobalSection
	GlobalSection(SolutionProperties) = preSolution
		HideSolutionNode = FALSE
	EndGlobalSection
	GlobalSection(NestedProjects) = preSolution
		{DE87A972-C7F6-426C-AFC3-805D63541D1E} = {745F432F-B7CB-4088-93A1-A44A4E2D8B4F}
		{3ECB0E57-0B84-4CAC-90A5-03E0C1204752} = {745F432F-B7CB-4088-93A1-A44A4E2D8B4F}
		{BDD3ADEE-7164-4F24-BB25-E649A8C3D233} = {745F432F-B7CB-4088-93A1-A44A4E2D8B4F}
		{364DC4C2-314E-4A74-80BC-1435D86E5AA9} = {745F432F-B7CB-4088-93A1-A44A4E2D8B4F}
		{FD0B2258-F0B5-494B-9303-FF6F2C282FDC} = {745F432F-B7CB-4088-93A1-A44A4E2D8B4F}
		{85A9211C-0836-4526-8C47-2AEF19DE8964} = {F9892090-1352-4EED-A293-44A7650A5C6C}
		{018D02F1-7116-4F01-83E0-486014B4F10F} = {F9892090-1352-4EED-A293-44A7650A5C6C}
		{597017E9-AFA2-44CF-BFED-38E8665501FC} = {F9892090-1352-4EED-A293-44A7650A5C6C}
		{1F41C2A1-7F10-4EC9-839E-94D3CF1884CA} = {F9892090-1352-4EED-A293-44A7650A5C6C}
		{50661323-3443-40B0-800B-BDCC5309F34E} = {F9892090-1352-4EED-A293-44A7650A5C6C}
		{EDBD0EA1-0F31-44A8-843C-2D1D1F730EAE} = {4DB092A3-2796-4491-8F0D-5FF022C2BC61}
		{963B8ACC-FC88-45A6-A62C-CC4742B84EBC} = {4DB092A3-2796-4491-8F0D-5FF022C2BC61}
		{900967BC-D83A-4A86-A6B4-1C218D1B2FA1} = {4DB092A3-2796-4491-8F0D-5FF022C2BC61}
		{F05CD50D-EDB6-45AD-895F-1234C13276F3} = {4DB092A3-2796-4491-8F0D-5FF022C2BC61}
		{9A233889-5D95-4E6B-8F82-EB5D77549CE2} = {64A0E54B-1064-47DC-9E4C-1920C16B31EA}
		{6AB86BA8-07B9-49A0-A07E-3FA9C48600B8} = {64A0E54B-1064-47DC-9E4C-1920C16B31EA}
		{877120DE-4B4C-4208-BC02-D38C163E8FE6} = {64A0E54B-1064-47DC-9E4C-1920C16B31EA}
		{C3FC1914-6A19-46D9-8820-B041F01F7DAA} = {64A0E54B-1064-47DC-9E4C-1920C16B31EA}
		{76BBBE63-FBDE-4B3D-8121-664492A604CE} = {0AA0AB0C-8C03-47C2-91AD-29E6A842B8A6}
	EndGlobalSection
	GlobalSection(ExtensibilityGlobals) = postSolution
		SolutionGuid = {C48CC4F9-D4CC-44DF-8ECC-9D1E1A7498BC}
	EndGlobalSection
EndGlobal
